PODS:
  - Alamofire (5.6.4)
  - AlamofireImage (4.2.0):
    - Alamofire (~> 5.4)
  - FBAEMKit (14.0.0):
    - FBSDKCoreKit_Basics (= 14.0.0)
  - FBSDKCoreKit (14.0.0):
    - FBAEMKit (= 14.0.0)
    - FBSDKCoreKit_Basics (= 14.0.0)
  - FBSDKCoreKit_Basics (14.0.0)
  - FBSDKLoginKit (14.0.0):
    - FBSDKCoreKit (= 14.0.0)
  - FirebaseAuth (10.5.0):
    - FirebaseCore (~> 10.0)
    - GoogleUtilities/AppDelegateSwizzler (~> 7.8)
    - GoogleUtilities/Environment (~> 7.8)
    - GTMSessionFetcher/Core (< 4.0, >= 2.1)
  - FirebaseCore (10.5.0):
    - FirebaseCoreInternal (~> 10.0)
    - GoogleUtilities/Environment (~> 7.8)
    - GoogleUtilities/Logger (~> 7.8)
  - FirebaseCoreInternal (10.5.0):
    - "GoogleUtilities/NSData+zlib (~> 7.8)"
  - FirebaseCrashlytics (10.5.0):
    - FirebaseCore (~> 10.0)
    - FirebaseInstallations (~> 10.0)
    - GoogleDataTransport (~> 9.2)
    - GoogleUtilities/Environment (~> 7.8)
    - nanopb (< 2.30910.0, >= 2.30908.0)
    - PromisesObjC (~> 2.1)
  - FirebaseInstallations (10.5.0):
    - FirebaseCore (~> 10.0)
    - GoogleUtilities/Environment (~> 7.8)
    - GoogleUtilities/UserDefaults (~> 7.8)
    - PromisesObjC (~> 2.1)
  - FirebaseMessaging (10.5.0):
    - FirebaseCore (~> 10.0)
    - FirebaseInstallations (~> 10.0)
    - GoogleDataTransport (~> 9.2)
    - GoogleUtilities/AppDelegateSwizzler (~> 7.8)
    - GoogleUtilities/Environment (~> 7.8)
    - GoogleUtilities/Reachability (~> 7.8)
    - GoogleUtilities/UserDefaults (~> 7.8)
    - nanopb (< 2.30910.0, >= 2.30908.0)
  - FSPagerView (0.8.3)
  - GoogleDataTransport (9.2.1):
    - GoogleUtilities/Environment (~> 7.7)
    - nanopb (< 2.30910.0, >= 2.30908.0)
    - PromisesObjC (< 3.0, >= 1.2)
  - GoogleUtilities/AppDelegateSwizzler (7.11.0):
    - GoogleUtilities/Environment
    - GoogleUtilities/Logger
    - GoogleUtilities/Network
  - GoogleUtilities/Environment (7.11.0):
    - PromisesObjC (< 3.0, >= 1.2)
  - GoogleUtilities/Logger (7.11.0):
    - GoogleUtilities/Environment
  - GoogleUtilities/Network (7.11.0):
    - GoogleUtilities/Logger
    - "GoogleUtilities/NSData+zlib"
    - GoogleUtilities/Reachability
  - "GoogleUtilities/NSData+zlib (7.11.0)"
  - GoogleUtilities/Reachability (7.11.0):
    - GoogleUtilities/Logger
  - GoogleUtilities/UserDefaults (7.11.0):
    - GoogleUtilities/Logger
  - GTMSessionFetcher/Core (3.1.0)
  - IQKeyboardManagerSwift (6.5.11)
  - LineSDKSwift (5.8.2):
    - LineSDKSwift/Core (= 5.8.2)
  - LineSDKSwift/Core (5.8.2)
  - MobileVLCKit (3.3.17)
  - nanopb (2.30909.0):
    - nanopb/decode (= 2.30909.0)
    - nanopb/encode (= 2.30909.0)
  - nanopb/decode (2.30909.0)
  - nanopb/encode (2.30909.0)
  - PBPopupController (3.4.10)
  - PromisesObjC (2.2.0)
  - Realm (10.36.0):
    - Realm/Headers (= 10.36.0)
  - Realm/Headers (10.36.0)
  - RealmSwift (10.36.0):
    - Realm (= 10.36.0)
  - Swifty360Player (0.2.7)
  - SwiftyGif (5.4.4)
  - SwiftyStoreKit (0.16.1)
  - XLPagerTabStrip (9.0.0)

DEPENDENCIES:
  - AlamofireImage
  - FBSDKCoreKit (~> 14.0.0)
  - FBSDKLoginKit (~> 14.0.0)
  - FirebaseAuth
  - FirebaseCrashlytics
  - FirebaseMessaging
  - FSPagerView
  - IQKeyboardManagerSwift
  - LineSDKSwift (~> 5.8.1)
  - MobileVLCKit (~> 3.3.0)
  - PBPopupController (= 3.4.10)
  - RealmSwift
  - Swifty360Player
  - SwiftyGif
  - SwiftyStoreKit
  - XLPagerTabStrip

SPEC REPOS:
  trunk:
    - Alamofire
    - AlamofireImage
    - FBAEMKit
    - FBSDKCoreKit
    - FBSDKCoreKit_Basics
    - FBSDKLoginKit
    - FirebaseAuth
    - FirebaseCore
    - FirebaseCoreInternal
    - FirebaseCrashlytics
    - FirebaseInstallations
    - FirebaseMessaging
    - FSPagerView
    - GoogleDataTransport
    - GoogleUtilities
    - GTMSessionFetcher
    - IQKeyboardManagerSwift
    - LineSDKSwift
    - MobileVLCKit
    - nanopb
    - PBPopupController
    - PromisesObjC
    - Realm
    - RealmSwift
    - Swifty360Player
    - SwiftyGif
    - SwiftyStoreKit
    - XLPagerTabStrip

SPEC CHECKSUMS:
  Alamofire: 4e95d97098eacb88856099c4fc79b526a299e48c
  AlamofireImage: 34a2d90b0e5fe6a5605f85ae4b7b01e784c60192
  FBAEMKit: d00064597439e75885c70d9adbcb5f3e9ad84f5d
  FBSDKCoreKit: e5d3acfffe5063a9d0b967ba2ad1f5afc460cf43
  FBSDKCoreKit_Basics: 1ff46a12e80f0b66e6c00e1ef32d6a5b5b9008a5
  FBSDKLoginKit: dbe86ef42ab142f3bd0f1c904a21bb33f31c5569
  FirebaseAuth: 1028326bcaa7a61391386e74b9078cc558ae14f1
  FirebaseCore: 324b8d182d9ff7e3f6d1fa2f04b082d1c7a3e366
  FirebaseCoreInternal: e463f41bb935cd049505bf7e9a5bdd7dcea90df6
  FirebaseCrashlytics: ea94bc81f67d5d4702d0c782da13e1483217bac8
  FirebaseInstallations: 935bc4abb6f7a035cab7a0c31cb777b2be3dd254
  FirebaseMessaging: 35ecbbc68ff547fca80f9326c9622e79288c7149
  FSPagerView: 670405b2f18e2a87fa37f20b00de783e562c25a8
  GoogleDataTransport: ea169759df570f4e37bdee1623ec32a7e64e67c4
  GoogleUtilities: c2bdc4cf2ce786c4d2e6b3bcfd599a25ca78f06f
  GTMSessionFetcher: c9e714f7eec91a55641e2bab9f45fd83a219b882
  IQKeyboardManagerSwift: c7955c0bdbf7b2eb29bb7daaa44e3d90f55a9a85
  LineSDKSwift: 52bce568988f61f4a529b0ee629525a0cb85b9fe
  MobileVLCKit: c5dd1b0ae933dc9c2348099840e753496dcdd908
  nanopb: b552cce312b6c8484180ef47159bc0f65a1f0431
  PBPopupController: bc30cb13c3ad51123759aeb36a26605850991871
  PromisesObjC: 09985d6d70fbe7878040aa746d78236e6946d2ef
  Realm: 3fd136cb4c83a927482a7f1612496d37beed3cf5
  RealmSwift: 513d4dcbf5bfc4d573454088b592685fc48dd716
  Swifty360Player: bf198a0a6b008883e6feaf4628076dc626990940
  SwiftyGif: 93a1cc87bf3a51916001cf8f3d63835fb64c819f
  SwiftyStoreKit: 6b9c08810269f030586dac1fae8e75871a82e84a
  XLPagerTabStrip: 61c57fd61f611ee5f01ff1495ad6fbee8bf496c5

PODFILE CHECKSUM: e044b96f98b5a3ac16f491733bc35fd97505bc90

COCOAPODS: 1.11.3
